
Microsoft Visual Studio Solution File, Format Version 12.00
# Visual Studio Version 16
VisualStudioVersion = 16.0.32929.386
MinimumVisualStudioVersion = 10.0.40219.1
Project("{FAE04EC0-301F-11D3-BF4B-00C04F79EFBC}") = "OnlineShop", "OnlineShop.csproj", "{169FC1A2-9241-451C-9546-ECCA5966FCFC}"
EndProject
Global
	GlobalSection(SolutionConfigurationPlatforms) = preSolution
		Debug|Any CPU = Debug|Any CPU
		Release|Any CPU = Release|Any CPU
	EndGlobalSection
	GlobalSection(ProjectConfigurationPlatforms) = postSolution
		{169FC1A2-9241-451C-9546-ECCA5966FCFC}.Debug|Any CPU.ActiveCfg = Debug|Any CPU
		{169FC1A2-9241-451C-9546-ECCA5966FCFC}.Debug|Any CPU.Build.0 = Debug|Any CPU
		{169FC1A2-9241-451C-9546-ECCA5966FCFC}.Release|Any CPU.ActiveCfg = Release|Any CPU
		{169FC1A2-9241-451C-9546-ECCA5966FCFC}.Release|Any CPU.Build.0 = Release|Any CPU
	EndGlobalSection
	GlobalSection(SolutionProperties) = preSolution
		HideSolutionNode = FALSE
	EndGlobalSection
	GlobalSection(ExtensibilityGlobals) = postSolution
		SolutionGuid = {8578E8DF-F7B2-4655-AD75-3B74ACD807A8}
	EndGlobalSection
EndGlobal
